
Microsoft Visual Studio Solution File, Format Version 12.00
# Visual Studio Version 17
VisualStudioVersion = 17.13.35919.96
MinimumVisualStudioVersion = 10.0.40219.1
Project("{FAE04EC0-301F-11D3-BF4B-00C04F79EFBC}") = "BattleShipLibrary", "BattleShipLibrary\BattleShipLibrary.csproj", "{ADE32E2F-3E9E-4D2B-8FD8-C1760DE652D2}"
EndProject
Project("{FAE04EC0-301F-11D3-BF4B-00C04F79EFBC}") = "test", "test\test.csproj", "{C62BFFEC-FBBE-4474-A9CE-915787C32490}"
EndProject
Project("{FAE04EC0-301F-11D3-BF4B-00C04F79EFBC}") = "BattleshipTest", "BattleshipTest\BattleshipTest.csproj", "{07ED6770-4132-437A-BBEB-07A08160B66D}"
EndProject
Global
	GlobalSection(SolutionConfigurationPlatforms) = preSolution
		Debug|Any CPU = Debug|Any CPU
		Release|Any CPU = Release|Any CPU
	EndGlobalSection
	GlobalSection(ProjectConfigurationPlatforms) = postSolution
		{ADE32E2F-3E9E-4D2B-8FD8-C1760DE652D2}.Debug|Any CPU.ActiveCfg = Debug|Any CPU
		{ADE32E2F-3E9E-4D2B-8FD8-C1760DE652D2}.Release|Any CPU.ActiveCfg = Release|Any CPU
		{ADE32E2F-3E9E-4D2B-8FD8-C1760DE652D2}.Release|Any CPU.Build.0 = Release|Any CPU
		{C62BFFEC-FBBE-4474-A9CE-915787C32490}.Debug|Any CPU.ActiveCfg = Debug|Any CPU
		{C62BFFEC-FBBE-4474-A9CE-915787C32490}.Debug|Any CPU.Build.0 = Debug|Any CPU
		{C62BFFEC-FBBE-4474-A9CE-915787C32490}.Release|Any CPU.ActiveCfg = Release|Any CPU
		{C62BFFEC-FBBE-4474-A9CE-915787C32490}.Release|Any CPU.Build.0 = Release|Any CPU
		{07ED6770-4132-437A-BBEB-07A08160B66D}.Debug|Any CPU.ActiveCfg = Debug|Any CPU
		{07ED6770-4132-437A-BBEB-07A08160B66D}.Debug|Any CPU.Build.0 = Debug|Any CPU
		{07ED6770-4132-437A-BBEB-07A08160B66D}.Release|Any CPU.ActiveCfg = Release|Any CPU
		{07ED6770-4132-437A-BBEB-07A08160B66D}.Release|Any CPU.Build.0 = Release|Any CPU
	EndGlobalSection
	GlobalSection(SolutionProperties) = preSolution
		HideSolutionNode = FALSE
	EndGlobalSection
	GlobalSection(ExtensibilityGlobals) = postSolution
		SolutionGuid = {FA6E12CF-689D-42BB-B326-AFE912866223}
	EndGlobalSection
EndGlobal
